
Microsoft Visual Studio Solution File, Format Version 12.00
# Visual Studio Version 16
VisualStudioVersion = 16.0.32126.315
MinimumVisualStudioVersion = 10.0.40219.1
Project("{FAE04EC0-301F-11D3-BF4B-00C04F79EFBC}") = "OpenClosed", "OpenClosed.csproj", "{09954AFF-59B6-4200-9397-C745F7789054}"
EndProject
Global
	GlobalSection(SolutionConfigurationPlatforms) = preSolution
		Debug|Any CPU = Debug|Any CPU
		Release|Any CPU = Release|Any CPU
	EndGlobalSection
	GlobalSection(ProjectConfigurationPlatforms) = postSolution
		{09954AFF-59B6-4200-9397-C745F7789054}.Debug|Any CPU.ActiveCfg = Debug|Any CPU
		{09954AFF-59B6-4200-9397-C745F7789054}.Debug|Any CPU.Build.0 = Debug|Any CPU
		{09954AFF-59B6-4200-9397-C745F7789054}.Release|Any CPU.ActiveCfg = Release|Any CPU
		{09954AFF-59B6-4200-9397-C745F7789054}.Release|Any CPU.Build.0 = Release|Any CPU
	EndGlobalSection
	GlobalSection(SolutionProperties) = preSolution
		HideSolutionNode = FALSE
	EndGlobalSection
	GlobalSection(ExtensibilityGlobals) = postSolution
		SolutionGuid = {06D313AD-78C6-4906-812F-9392195A1491}
	EndGlobalSection
EndGlobal
